
Microsoft Visual Studio Solution File, Format Version 12.00
# Visual Studio 15
VisualStudioVersion = 15.0.26730.3
MinimumVisualStudioVersion = 10.0.40219.1
Project("{9A19103F-16F7-4668-BE54-9A1E7A4F7556}") = "SandyBox.HostingService.Interop", "SandyBox.HostingService.Interop\SandyBox.HostingService.Interop.csproj", "{10E7A56B-DA59-4AAE-B480-65A599FCEB60}"
EndProject
Project("{9A19103F-16F7-4668-BE54-9A1E7A4F7556}") = "SandyBox.HostingService.JsonRpc", "SandyBox.HostingService.JsonRpc\SandyBox.HostingService.JsonRpc.csproj", "{5DC3D018-6B78-4654-92F6-476C31C6B353}"
EndProject
Project("{FAE04EC0-301F-11D3-BF4B-00C04F79EFBC}") = "SandyBox.CSharp.Interop", "SandyBox.CSharp.Interop\SandyBox.CSharp.Interop.csproj", "{521FC3BC-FEB5-40BA-8066-05DD2554C79A}"
EndProject
Project("{FAE04EC0-301F-11D3-BF4B-00C04F79EFBC}") = "SandyBox.CSharp.HostingServer", "SandyBox.CSharp.HostingServer\SandyBox.CSharp.HostingServer.csproj", "{C7A9D35C-C796-442A-A78F-4F71B5288316}"
EndProject
Project("{FAE04EC0-301F-11D3-BF4B-00C04F79EFBC}") = "XUnitTestProject1", "XUnitTestProject1\XUnitTestProject1.csproj", "{98089FA5-AEB9-4E4F-8967-B54626E794C9}"
EndProject
Global
	GlobalSection(SolutionConfigurationPlatforms) = preSolution
		Debug|Any CPU = Debug|Any CPU
		Release|Any CPU = Release|Any CPU
	EndGlobalSection
	GlobalSection(ProjectConfigurationPlatforms) = postSolution
		{10E7A56B-DA59-4AAE-B480-65A599FCEB60}.Debug|Any CPU.ActiveCfg = Debug|Any CPU
		{10E7A56B-DA59-4AAE-B480-65A599FCEB60}.Debug|Any CPU.Build.0 = Debug|Any CPU
		{10E7A56B-DA59-4AAE-B480-65A599FCEB60}.Release|Any CPU.ActiveCfg = Release|Any CPU
		{10E7A56B-DA59-4AAE-B480-65A599FCEB60}.Release|Any CPU.Build.0 = Release|Any CPU
		{5DC3D018-6B78-4654-92F6-476C31C6B353}.Debug|Any CPU.ActiveCfg = Debug|Any CPU
		{5DC3D018-6B78-4654-92F6-476C31C6B353}.Debug|Any CPU.Build.0 = Debug|Any CPU
		{5DC3D018-6B78-4654-92F6-476C31C6B353}.Release|Any CPU.ActiveCfg = Release|Any CPU
		{5DC3D018-6B78-4654-92F6-476C31C6B353}.Release|Any CPU.Build.0 = Release|Any CPU
		{521FC3BC-FEB5-40BA-8066-05DD2554C79A}.Debug|Any CPU.ActiveCfg = Debug|Any CPU
		{521FC3BC-FEB5-40BA-8066-05DD2554C79A}.Debug|Any CPU.Build.0 = Debug|Any CPU
		{521FC3BC-FEB5-40BA-8066-05DD2554C79A}.Release|Any CPU.ActiveCfg = Release|Any CPU
		{521FC3BC-FEB5-40BA-8066-05DD2554C79A}.Release|Any CPU.Build.0 = Release|Any CPU
		{C7A9D35C-C796-442A-A78F-4F71B5288316}.Debug|Any CPU.ActiveCfg = Debug|Any CPU
		{C7A9D35C-C796-442A-A78F-4F71B5288316}.Debug|Any CPU.Build.0 = Debug|Any CPU
		{C7A9D35C-C796-442A-A78F-4F71B5288316}.Release|Any CPU.ActiveCfg = Release|Any CPU
		{C7A9D35C-C796-442A-A78F-4F71B5288316}.Release|Any CPU.Build.0 = Release|Any CPU
		{98089FA5-AEB9-4E4F-8967-B54626E794C9}.Debug|Any CPU.ActiveCfg = Debug|Any CPU
		{98089FA5-AEB9-4E4F-8967-B54626E794C9}.Debug|Any CPU.Build.0 = Debug|Any CPU
		{98089FA5-AEB9-4E4F-8967-B54626E794C9}.Release|Any CPU.ActiveCfg = Release|Any CPU
		{98089FA5-AEB9-4E4F-8967-B54626E794C9}.Release|Any CPU.Build.0 = Release|Any CPU
	EndGlobalSection
	GlobalSection(SolutionProperties) = preSolution
		HideSolutionNode = FALSE
	EndGlobalSection
	GlobalSection(ExtensibilityGlobals) = postSolution
		SolutionGuid = {8194BE6D-7983-44F5-9A75-F5CDD0CEAC94}
	EndGlobalSection
EndGlobal
